
Microsoft Visual Studio Solution File, Format Version 12.00
# Visual Studio 15
VisualStudioVersion = 15.0.26124.0
MinimumVisualStudioVersion = 15.0.26124.0
Project("{2150E333-8FDC-42A3-9474-1A3956D46DE8}") = "src", "src", "{C40E316C-30A4-4D53-B68D-D939F709207A}"
EndProject
Project("{FAE04EC0-301F-11D3-BF4B-00C04F79EFBC}") = "MyApp", "src\MyApp\MyApp.csproj", "{4D0FB565-5BE7-4407-8A86-B5BD7D8A2064}"
EndProject
Project("{2150E333-8FDC-42A3-9474-1A3956D46DE8}") = "test", "test", "{7B7D030A-3A07-41F7-ADF2-F863701B2DBA}"
EndProject
Project("{FAE04EC0-301F-11D3-BF4B-00C04F79EFBC}") = "MyApp.Test", "test\MyApp.Test\MyApp.Test.csproj", "{0A20DAB1-30D1-4B30-96AE-DEE5AE0CF018}"
EndProject
Project("{FAE04EC0-301F-11D3-BF4B-00C04F79EFBC}") = "MyApp.Crosscutting", "src\MyApp.Crosscutting\MyApp.Crosscutting.csproj", "{FAAC54DE-E993-4F39-8A5A-A4B0C267D654}"
EndProject
Project("{FAE04EC0-301F-11D3-BF4B-00C04F79EFBC}") = "MyApp.Domain", "src\MyApp.Domain\MyApp.Domain.csproj", "{3B5C7C59-B6FE-4E20-B084-3BAAC923A26F}"
EndProject
Project("{FAE04EC0-301F-11D3-BF4B-00C04F79EFBC}") = "MyApp.Dto", "src\MyApp.Dto\MyApp.Dto.csproj", "{DC919C51-82E5-4939-B953-9917467354D5}"
EndProject
Project("{FAE04EC0-301F-11D3-BF4B-00C04F79EFBC}") = "MyApp.Domain.Services", "src\MyApp.Domain.Services\MyApp.Domain.Services.csproj", "{A4137B2E-3D9D-4EED-86D3-67B64EEF186E}"
EndProject
Project("{FAE04EC0-301F-11D3-BF4B-00C04F79EFBC}") = "MyApp.Infrastructure", "src\MyApp.Infrastructure\MyApp.Infrastructure.csproj", "{79F58872-3B36-431E-AA3C-105683AB61C4}"
EndProject
Global
	GlobalSection(SolutionConfigurationPlatforms) = preSolution
		Debug|Any CPU = Debug|Any CPU
		Debug|x64 = Debug|x64
		Debug|x86 = Debug|x86
		Release|Any CPU = Release|Any CPU
		Release|x64 = Release|x64
		Release|x86 = Release|x86
	EndGlobalSection
	GlobalSection(SolutionProperties) = preSolution
		HideSolutionNode = FALSE
	EndGlobalSection
	GlobalSection(ProjectConfigurationPlatforms) = postSolution
		{4D0FB565-5BE7-4407-8A86-B5BD7D8A2064}.Debug|Any CPU.ActiveCfg = Debug|Any CPU
		{4D0FB565-5BE7-4407-8A86-B5BD7D8A2064}.Debug|Any CPU.Build.0 = Debug|Any CPU
		{4D0FB565-5BE7-4407-8A86-B5BD7D8A2064}.Debug|x64.ActiveCfg = Debug|Any CPU
		{4D0FB565-5BE7-4407-8A86-B5BD7D8A2064}.Debug|x64.Build.0 = Debug|Any CPU
		{4D0FB565-5BE7-4407-8A86-B5BD7D8A2064}.Debug|x86.ActiveCfg = Debug|Any CPU
		{4D0FB565-5BE7-4407-8A86-B5BD7D8A2064}.Debug|x86.Build.0 = Debug|Any CPU
		{4D0FB565-5BE7-4407-8A86-B5BD7D8A2064}.Release|Any CPU.ActiveCfg = Release|Any CPU
		{4D0FB565-5BE7-4407-8A86-B5BD7D8A2064}.Release|Any CPU.Build.0 = Release|Any CPU
		{4D0FB565-5BE7-4407-8A86-B5BD7D8A2064}.Release|x64.ActiveCfg = Release|Any CPU
		{4D0FB565-5BE7-4407-8A86-B5BD7D8A2064}.Release|x64.Build.0 = Release|Any CPU
		{4D0FB565-5BE7-4407-8A86-B5BD7D8A2064}.Release|x86.ActiveCfg = Release|Any CPU
		{4D0FB565-5BE7-4407-8A86-B5BD7D8A2064}.Release|x86.Build.0 = Release|Any CPU
		{0A20DAB1-30D1-4B30-96AE-DEE5AE0CF018}.Debug|Any CPU.ActiveCfg = Debug|Any CPU
		{0A20DAB1-30D1-4B30-96AE-DEE5AE0CF018}.Debug|Any CPU.Build.0 = Debug|Any CPU
		{0A20DAB1-30D1-4B30-96AE-DEE5AE0CF018}.Debug|x64.ActiveCfg = Debug|Any CPU
		{0A20DAB1-30D1-4B30-96AE-DEE5AE0CF018}.Debug|x64.Build.0 = Debug|Any CPU
		{0A20DAB1-30D1-4B30-96AE-DEE5AE0CF018}.Debug|x86.ActiveCfg = Debug|Any CPU
		{0A20DAB1-30D1-4B30-96AE-DEE5AE0CF018}.Debug|x86.Build.0 = Debug|Any CPU
		{0A20DAB1-30D1-4B30-96AE-DEE5AE0CF018}.Release|Any CPU.ActiveCfg = Release|Any CPU
		{0A20DAB1-30D1-4B30-96AE-DEE5AE0CF018}.Release|Any CPU.Build.0 = Release|Any CPU
		{0A20DAB1-30D1-4B30-96AE-DEE5AE0CF018}.Release|x64.ActiveCfg = Release|Any CPU
		{0A20DAB1-30D1-4B30-96AE-DEE5AE0CF018}.Release|x64.Build.0 = Release|Any CPU
		{0A20DAB1-30D1-4B30-96AE-DEE5AE0CF018}.Release|x86.ActiveCfg = Release|Any CPU
		{0A20DAB1-30D1-4B30-96AE-DEE5AE0CF018}.Release|x86.Build.0 = Release|Any CPU
		{FAAC54DE-E993-4F39-8A5A-A4B0C267D654}.Debug|Any CPU.ActiveCfg = Debug|Any CPU
		{FAAC54DE-E993-4F39-8A5A-A4B0C267D654}.Debug|Any CPU.Build.0 = Debug|Any CPU
		{FAAC54DE-E993-4F39-8A5A-A4B0C267D654}.Debug|x64.ActiveCfg = Debug|Any CPU
		{FAAC54DE-E993-4F39-8A5A-A4B0C267D654}.Debug|x64.Build.0 = Debug|Any CPU
		{FAAC54DE-E993-4F39-8A5A-A4B0C267D654}.Debug|x86.ActiveCfg = Debug|Any CPU
		{FAAC54DE-E993-4F39-8A5A-A4B0C267D654}.Debug|x86.Build.0 = Debug|Any CPU
		{FAAC54DE-E993-4F39-8A5A-A4B0C267D654}.Release|Any CPU.ActiveCfg = Release|Any CPU
		{FAAC54DE-E993-4F39-8A5A-A4B0C267D654}.Release|Any CPU.Build.0 = Release|Any CPU
		{FAAC54DE-E993-4F39-8A5A-A4B0C267D654}.Release|x64.ActiveCfg = Release|Any CPU
		{FAAC54DE-E993-4F39-8A5A-A4B0C267D654}.Release|x64.Build.0 = Release|Any CPU
		{FAAC54DE-E993-4F39-8A5A-A4B0C267D654}.Release|x86.ActiveCfg = Release|Any CPU
		{FAAC54DE-E993-4F39-8A5A-A4B0C267D654}.Release|x86.Build.0 = Release|Any CPU
		{3B5C7C59-B6FE-4E20-B084-3BAAC923A26F}.Debug|Any CPU.ActiveCfg = Debug|Any CPU
		{3B5C7C59-B6FE-4E20-B084-3BAAC923A26F}.Debug|Any CPU.Build.0 = Debug|Any CPU
		{3B5C7C59-B6FE-4E20-B084-3BAAC923A26F}.Debug|x64.ActiveCfg = Debug|Any CPU
		{3B5C7C59-B6FE-4E20-B084-3BAAC923A26F}.Debug|x64.Build.0 = Debug|Any CPU
		{3B5C7C59-B6FE-4E20-B084-3BAAC923A26F}.Debug|x86.ActiveCfg = Debug|Any CPU
		{3B5C7C59-B6FE-4E20-B084-3BAAC923A26F}.Debug|x86.Build.0 = Debug|Any CPU
		{3B5C7C59-B6FE-4E20-B084-3BAAC923A26F}.Release|Any CPU.ActiveCfg = Release|Any CPU
		{3B5C7C59-B6FE-4E20-B084-3BAAC923A26F}.Release|Any CPU.Build.0 = Release|Any CPU
		{3B5C7C59-B6FE-4E20-B084-3BAAC923A26F}.Release|x64.ActiveCfg = Release|Any CPU
		{3B5C7C59-B6FE-4E20-B084-3BAAC923A26F}.Release|x64.Build.0 = Release|Any CPU
		{3B5C7C59-B6FE-4E20-B084-3BAAC923A26F}.Release|x86.ActiveCfg = Release|Any CPU
		{3B5C7C59-B6FE-4E20-B084-3BAAC923A26F}.Release|x86.Build.0 = Release|Any CPU
		{DC919C51-82E5-4939-B953-9917467354D5}.Debug|Any CPU.ActiveCfg = Debug|Any CPU
		{DC919C51-82E5-4939-B953-9917467354D5}.Debug|Any CPU.Build.0 = Debug|Any CPU
		{DC919C51-82E5-4939-B953-9917467354D5}.Debug|x64.ActiveCfg = Debug|Any CPU
		{DC919C51-82E5-4939-B953-9917467354D5}.Debug|x64.Build.0 = Debug|Any CPU
		{DC919C51-82E5-4939-B953-9917467354D5}.Debug|x86.ActiveCfg = Debug|Any CPU
		{DC919C51-82E5-4939-B953-9917467354D5}.Debug|x86.Build.0 = Debug|Any CPU
		{DC919C51-82E5-4939-B953-9917467354D5}.Release|Any CPU.ActiveCfg = Release|Any CPU
		{DC919C51-82E5-4939-B953-9917467354D5}.Release|Any CPU.Build.0 = Release|Any CPU
		{DC919C51-82E5-4939-B953-9917467354D5}.Release|x64.ActiveCfg = Release|Any CPU
		{DC919C51-82E5-4939-B953-9917467354D5}.Release|x64.Build.0 = Release|Any CPU
		{DC919C51-82E5-4939-B953-9917467354D5}.Release|x86.ActiveCfg = Release|Any CPU
		{DC919C51-82E5-4939-B953-9917467354D5}.Release|x86.Build.0 = Release|Any CPU
		{A4137B2E-3D9D-4EED-86D3-67B64EEF186E}.Debug|Any CPU.ActiveCfg = Debug|Any CPU
		{A4137B2E-3D9D-4EED-86D3-67B64EEF186E}.Debug|Any CPU.Build.0 = Debug|Any CPU
		{A4137B2E-3D9D-4EED-86D3-67B64EEF186E}.Debug|x64.ActiveCfg = Debug|Any CPU
		{A4137B2E-3D9D-4EED-86D3-67B64EEF186E}.Debug|x64.Build.0 = Debug|Any CPU
		{A4137B2E-3D9D-4EED-86D3-67B64EEF186E}.Debug|x86.ActiveCfg = Debug|Any CPU
		{A4137B2E-3D9D-4EED-86D3-67B64EEF186E}.Debug|x86.Build.0 = Debug|Any CPU
		{A4137B2E-3D9D-4EED-86D3-67B64EEF186E}.Release|Any CPU.ActiveCfg = Release|Any CPU
		{A4137B2E-3D9D-4EED-86D3-67B64EEF186E}.Release|Any CPU.Build.0 = Release|Any CPU
		{A4137B2E-3D9D-4EED-86D3-67B64EEF186E}.Release|x64.ActiveCfg = Release|Any CPU
		{A4137B2E-3D9D-4EED-86D3-67B64EEF186E}.Release|x64.Build.0 = Release|Any CPU
		{A4137B2E-3D9D-4EED-86D3-67B64EEF186E}.Release|x86.ActiveCfg = Release|Any CPU
		{A4137B2E-3D9D-4EED-86D3-67B64EEF186E}.Release|x86.Build.0 = Release|Any CPU
		{79F58872-3B36-431E-AA3C-105683AB61C4}.Debug|Any CPU.ActiveCfg = Debug|Any CPU
		{79F58872-3B36-431E-AA3C-105683AB61C4}.Debug|Any CPU.Build.0 = Debug|Any CPU
		{79F58872-3B36-431E-AA3C-105683AB61C4}.Debug|x64.ActiveCfg = Debug|Any CPU
		{79F58872-3B36-431E-AA3C-105683AB61C4}.Debug|x64.Build.0 = Debug|Any CPU
		{79F58872-3B36-431E-AA3C-105683AB61C4}.Debug|x86.ActiveCfg = Debug|Any CPU
		{79F58872-3B36-431E-AA3C-105683AB61C4}.Debug|x86.Build.0 = Debug|Any CPU
		{79F58872-3B36-431E-AA3C-105683AB61C4}.Release|Any CPU.ActiveCfg = Release|Any CPU
		{79F58872-3B36-431E-AA3C-105683AB61C4}.Release|Any CPU.Build.0 = Release|Any CPU
		{79F58872-3B36-431E-AA3C-105683AB61C4}.Release|x64.ActiveCfg = Release|Any CPU
		{79F58872-3B36-431E-AA3C-105683AB61C4}.Release|x64.Build.0 = Release|Any CPU
		{79F58872-3B36-431E-AA3C-105683AB61C4}.Release|x86.ActiveCfg = Release|Any CPU
		{79F58872-3B36-431E-AA3C-105683AB61C4}.Release|x86.Build.0 = Release|Any CPU
	EndGlobalSection
	GlobalSection(NestedProjects) = preSolution
		{4D0FB565-5BE7-4407-8A86-B5BD7D8A2064} = {C40E316C-30A4-4D53-B68D-D939F709207A}
		{0A20DAB1-30D1-4B30-96AE-DEE5AE0CF018} = {7B7D030A-3A07-41F7-ADF2-F863701B2DBA}
		{FAAC54DE-E993-4F39-8A5A-A4B0C267D654} = {C40E316C-30A4-4D53-B68D-D939F709207A}
		{3B5C7C59-B6FE-4E20-B084-3BAAC923A26F} = {C40E316C-30A4-4D53-B68D-D939F709207A}
		{DC919C51-82E5-4939-B953-9917467354D5} = {C40E316C-30A4-4D53-B68D-D939F709207A}
		{A4137B2E-3D9D-4EED-86D3-67B64EEF186E} = {C40E316C-30A4-4D53-B68D-D939F709207A}
		{79F58872-3B36-431E-AA3C-105683AB61C4} = {C40E316C-30A4-4D53-B68D-D939F709207A}
	EndGlobalSection
EndGlobal
